{
  "name": "batgirl",
  "version": "0.0.6",
  "lockfileVersion": 2,
  "requires": true,
  "packages": {
    "": {
      "name": "batgirl",
      "version": "0.0.6",
      "license": "Public Domain",
      "dependencies": {
        "debug": "^4.3.4",
        "quu": "^0.4.2"
      }
    },
    "node_modules/debug": {
      "version": "4.3.4",
      "resolved": "https://registry.npmjs.org/debug/-/debug-4.3.4.tgz",
      "integrity": "sha512-PRWFHuSU3eDtQJPvnNY7Jcket1j0t5OuOsFzPPzsekD52Zl8qUfFIPEiswXqIvHWGVHOgX+7G/vCNNhehwxfkQ==",
      "dependencies": {
        "ms": "2.1.2"
      },
      "engines": {
        "node": ">=6.0"
      },
      "peerDependenciesMeta": {
        "supports-color": {
          "optional": true
        }
      }
    },
    "node_modules/ms": {
      "version": "2.1.2",
      "resolved": "https://registry.npmjs.org/ms/-/ms-2.1.2.tgz",
      "integrity": "sha512-sGkPx+VjMtmA6MX27oA4FBFELFCZZ4S4XqeGOXCv68tT+jb3vk/RyaKWP0PTKyWtmLSM0b+adUTEvbs1PEaH2w=="
    },
    "node_modules/quu": {
      "version": "0.4.2",
      "resolved": "https://registry.npmjs.org/quu/-/quu-0.4.2.tgz",
      "integrity": "sha512-71ra9P79sXBLOe+efVo+di5tAV5dE5qiGq3carNkO+nq8TvxB2j5Haz7fvH7VznKpeJqa/yAp0B6NoQtBBm/tA=="
    }
  },
  "dependencies": {
    "debug": {
      "version": "4.3.4",
      "resolved": "https://registry.npmjs.org/debug/-/debug-4.3.4.tgz",
      "integrity": "sha512-PRWFHuSU3eDtQJPvnNY7Jcket1j0t5OuOsFzPPzsekD52Zl8qUfFIPEiswXqIvHWGVHOgX+7G/vCNNhehwxfkQ==",
      "requires": {
        "ms": "2.1.2"
      }
    },
    "ms": {
      "version": "2.1.2",
      "resolved": "https://registry.npmjs.org/ms/-/ms-2.1.2.tgz",
      "integrity": "sha512-sGkPx+VjMtmA6MX27oA4FBFELFCZZ4S4XqeGOXCv68tT+jb3vk/RyaKWP0PTKyWtmLSM0b+adUTEvbs1PEaH2w=="
    },
    "quu": {
      "version": "0.4.2",
      "resolved": "https://registry.npmjs.org/quu/-/quu-0.4.2.tgz",
      "integrity": "sha512-71ra9P79sXBLOe+efVo+di5tAV5dE5qiGq3carNkO+nq8TvxB2j5Haz7fvH7VznKpeJqa/yAp0B6NoQtBBm/tA=="
    }
  }
}
